
Microsoft Visual Studio Solution File, Format Version 12.00
# Visual Studio Version 16
VisualStudioVersion = 16.0.33214.272
MinimumVisualStudioVersion = 10.0.40219.1
Project("{2150E333-8FDC-42A3-9474-1A3956D46DE8}") = "task1", "task1", "{B1FF18F4-3E04-4755-A8B2-5CF196383C34}"
EndProject
Project("{FAE04EC0-301F-11D3-BF4B-00C04F79EFBC}") = "ConnectionLocalDB", "ConnectionLocalDB\ConnectionLocalDB.csproj", "{3A5AF6EE-628F-48E0-80A4-F3F163386D21}"
EndProject
Project("{FAE04EC0-301F-11D3-BF4B-00C04F79EFBC}") = "task1_2", "..\Task1\task1_2\task1_2.csproj", "{E27FAF4F-621B-42AE-B037-D3D4758C2053}"
EndProject
Project("{FAE04EC0-301F-11D3-BF4B-00C04F79EFBC}") = "task1_3", "..\Task1\task1_3\task1_3.csproj", "{C519A86A-5F9F-4C8B-AFE0-642D5A7FC4FB}"
EndProject
Project("{FAE04EC0-301F-11D3-BF4B-00C04F79EFBC}") = "task1_4", "..\Task1\task1_4\task1_4.csproj", "{ABB58499-8083-49B7-A027-36B59917A3EC}"
EndProject
Project("{FAE04EC0-301F-11D3-BF4B-00C04F79EFBC}") = "task1_5", "..\Task1\task1_5\task1_5.csproj", "{4E9A29C6-770F-483A-A117-2D5C99046FEC}"
EndProject
Project("{2150E333-8FDC-42A3-9474-1A3956D46DE8}") = "task2", "task2", "{0212D1AE-A1A0-440F-BB10-0344085BB309}"
EndProject
Project("{FAE04EC0-301F-11D3-BF4B-00C04F79EFBC}") = "task2_1", "..\Task2\task2_1\task2_1.csproj", "{BF988F39-30FC-43B9-80D9-D2A9445F1131}"
EndProject
Project("{FAE04EC0-301F-11D3-BF4B-00C04F79EFBC}") = "task2_2", "..\Task2\task2_2\task2_2.csproj", "{32E9C025-C1CF-4978-AD47-3340B300623B}"
EndProject
Project("{FAE04EC0-301F-11D3-BF4B-00C04F79EFBC}") = "task2_3", "..\Task2\task2_3\task2_3.csproj", "{8C7AE4E7-C9CE-4D29-8460-53499E720384}"
EndProject
Project("{2150E333-8FDC-42A3-9474-1A3956D46DE8}") = "task4", "task4", "{602E6F00-A901-45D6-A33F-D6A5604FA4BF}"
EndProject
Project("{FAE04EC0-301F-11D3-BF4B-00C04F79EFBC}") = "task4_1", "Task4\task4_1\task4_1.csproj", "{39AADDA6-22A7-4F72-8D8F-E061BAC8919A}"
EndProject
Project("{2150E333-8FDC-42A3-9474-1A3956D46DE8}") = "task3", "task3", "{A471903A-78F8-4C29-8862-193B69303800}"
EndProject
Project("{FAE04EC0-301F-11D3-BF4B-00C04F79EFBC}") = "task3_1", "Task3\task3_1\task3_1.csproj", "{86BDE7E0-2BB3-4360-9566-F73482B43DC5}"
EndProject
Project("{FAE04EC0-301F-11D3-BF4B-00C04F79EFBC}") = "task4_2", "Task4\task4_2\task4_2.csproj", "{B486A8CB-3402-4F6F-AC22-8789B7B156C6}"
EndProject
Project("{FAE04EC0-301F-11D3-BF4B-00C04F79EFBC}") = "task4_3", "Task4\task4_3\task4_3.csproj", "{FA8CD5FA-23F7-4205-8AA5-81A1D3B3756F}"
EndProject
Project("{FAE04EC0-301F-11D3-BF4B-00C04F79EFBC}") = "task4_4", "Task4\task4_4\task4_4.csproj", "{948F492B-299C-4673-8735-38723375E1BA}"
EndProject
Global
	GlobalSection(SolutionConfigurationPlatforms) = preSolution
		Debug|Any CPU = Debug|Any CPU
		Release|Any CPU = Release|Any CPU
	EndGlobalSection
	GlobalSection(ProjectConfigurationPlatforms) = postSolution
		{3A5AF6EE-628F-48E0-80A4-F3F163386D21}.Debug|Any CPU.ActiveCfg = Debug|Any CPU
		{3A5AF6EE-628F-48E0-80A4-F3F163386D21}.Debug|Any CPU.Build.0 = Debug|Any CPU
		{3A5AF6EE-628F-48E0-80A4-F3F163386D21}.Release|Any CPU.ActiveCfg = Release|Any CPU
		{3A5AF6EE-628F-48E0-80A4-F3F163386D21}.Release|Any CPU.Build.0 = Release|Any CPU
		{E27FAF4F-621B-42AE-B037-D3D4758C2053}.Debug|Any CPU.ActiveCfg = Debug|Any CPU
		{E27FAF4F-621B-42AE-B037-D3D4758C2053}.Debug|Any CPU.Build.0 = Debug|Any CPU
		{E27FAF4F-621B-42AE-B037-D3D4758C2053}.Release|Any CPU.ActiveCfg = Release|Any CPU
		{E27FAF4F-621B-42AE-B037-D3D4758C2053}.Release|Any CPU.Build.0 = Release|Any CPU
		{C519A86A-5F9F-4C8B-AFE0-642D5A7FC4FB}.Debug|Any CPU.ActiveCfg = Debug|Any CPU
		{C519A86A-5F9F-4C8B-AFE0-642D5A7FC4FB}.Debug|Any CPU.Build.0 = Debug|Any CPU
		{C519A86A-5F9F-4C8B-AFE0-642D5A7FC4FB}.Release|Any CPU.ActiveCfg = Release|Any CPU
		{C519A86A-5F9F-4C8B-AFE0-642D5A7FC4FB}.Release|Any CPU.Build.0 = Release|Any CPU
		{ABB58499-8083-49B7-A027-36B59917A3EC}.Debug|Any CPU.ActiveCfg = Debug|Any CPU
		{ABB58499-8083-49B7-A027-36B59917A3EC}.Debug|Any CPU.Build.0 = Debug|Any CPU
		{ABB58499-8083-49B7-A027-36B59917A3EC}.Release|Any CPU.ActiveCfg = Release|Any CPU
		{ABB58499-8083-49B7-A027-36B59917A3EC}.Release|Any CPU.Build.0 = Release|Any CPU
		{4E9A29C6-770F-483A-A117-2D5C99046FEC}.Debug|Any CPU.ActiveCfg = Debug|Any CPU
		{4E9A29C6-770F-483A-A117-2D5C99046FEC}.Debug|Any CPU.Build.0 = Debug|Any CPU
		{4E9A29C6-770F-483A-A117-2D5C99046FEC}.Release|Any CPU.ActiveCfg = Release|Any CPU
		{4E9A29C6-770F-483A-A117-2D5C99046FEC}.Release|Any CPU.Build.0 = Release|Any CPU
		{BF988F39-30FC-43B9-80D9-D2A9445F1131}.Debug|Any CPU.ActiveCfg = Debug|Any CPU
		{BF988F39-30FC-43B9-80D9-D2A9445F1131}.Debug|Any CPU.Build.0 = Debug|Any CPU
		{BF988F39-30FC-43B9-80D9-D2A9445F1131}.Release|Any CPU.ActiveCfg = Release|Any CPU
		{BF988F39-30FC-43B9-80D9-D2A9445F1131}.Release|Any CPU.Build.0 = Release|Any CPU
		{32E9C025-C1CF-4978-AD47-3340B300623B}.Debug|Any CPU.ActiveCfg = Debug|Any CPU
		{32E9C025-C1CF-4978-AD47-3340B300623B}.Debug|Any CPU.Build.0 = Debug|Any CPU
		{32E9C025-C1CF-4978-AD47-3340B300623B}.Release|Any CPU.ActiveCfg = Release|Any CPU
		{32E9C025-C1CF-4978-AD47-3340B300623B}.Release|Any CPU.Build.0 = Release|Any CPU
		{8C7AE4E7-C9CE-4D29-8460-53499E720384}.Debug|Any CPU.ActiveCfg = Debug|Any CPU
		{8C7AE4E7-C9CE-4D29-8460-53499E720384}.Debug|Any CPU.Build.0 = Debug|Any CPU
		{8C7AE4E7-C9CE-4D29-8460-53499E720384}.Release|Any CPU.ActiveCfg = Release|Any CPU
		{8C7AE4E7-C9CE-4D29-8460-53499E720384}.Release|Any CPU.Build.0 = Release|Any CPU
		{39AADDA6-22A7-4F72-8D8F-E061BAC8919A}.Debug|Any CPU.ActiveCfg = Debug|Any CPU
		{39AADDA6-22A7-4F72-8D8F-E061BAC8919A}.Debug|Any CPU.Build.0 = Debug|Any CPU
		{39AADDA6-22A7-4F72-8D8F-E061BAC8919A}.Release|Any CPU.ActiveCfg = Release|Any CPU
		{39AADDA6-22A7-4F72-8D8F-E061BAC8919A}.Release|Any CPU.Build.0 = Release|Any CPU
		{86BDE7E0-2BB3-4360-9566-F73482B43DC5}.Debug|Any CPU.ActiveCfg = Debug|Any CPU
		{86BDE7E0-2BB3-4360-9566-F73482B43DC5}.Debug|Any CPU.Build.0 = Debug|Any CPU
		{86BDE7E0-2BB3-4360-9566-F73482B43DC5}.Release|Any CPU.ActiveCfg = Release|Any CPU
		{86BDE7E0-2BB3-4360-9566-F73482B43DC5}.Release|Any CPU.Build.0 = Release|Any CPU
		{B486A8CB-3402-4F6F-AC22-8789B7B156C6}.Debug|Any CPU.ActiveCfg = Debug|Any CPU
		{B486A8CB-3402-4F6F-AC22-8789B7B156C6}.Debug|Any CPU.Build.0 = Debug|Any CPU
		{B486A8CB-3402-4F6F-AC22-8789B7B156C6}.Release|Any CPU.ActiveCfg = Release|Any CPU
		{B486A8CB-3402-4F6F-AC22-8789B7B156C6}.Release|Any CPU.Build.0 = Release|Any CPU
		{FA8CD5FA-23F7-4205-8AA5-81A1D3B3756F}.Debug|Any CPU.ActiveCfg = Debug|Any CPU
		{FA8CD5FA-23F7-4205-8AA5-81A1D3B3756F}.Debug|Any CPU.Build.0 = Debug|Any CPU
		{FA8CD5FA-23F7-4205-8AA5-81A1D3B3756F}.Release|Any CPU.ActiveCfg = Release|Any CPU
		{FA8CD5FA-23F7-4205-8AA5-81A1D3B3756F}.Release|Any CPU.Build.0 = Release|Any CPU
		{948F492B-299C-4673-8735-38723375E1BA}.Debug|Any CPU.ActiveCfg = Debug|Any CPU
		{948F492B-299C-4673-8735-38723375E1BA}.Debug|Any CPU.Build.0 = Debug|Any CPU
		{948F492B-299C-4673-8735-38723375E1BA}.Release|Any CPU.ActiveCfg = Release|Any CPU
		{948F492B-299C-4673-8735-38723375E1BA}.Release|Any CPU.Build.0 = Release|Any CPU
	EndGlobalSection
	GlobalSection(SolutionProperties) = preSolution
		HideSolutionNode = FALSE
	EndGlobalSection
	GlobalSection(NestedProjects) = preSolution
		{E27FAF4F-621B-42AE-B037-D3D4758C2053} = {B1FF18F4-3E04-4755-A8B2-5CF196383C34}
		{C519A86A-5F9F-4C8B-AFE0-642D5A7FC4FB} = {B1FF18F4-3E04-4755-A8B2-5CF196383C34}
		{ABB58499-8083-49B7-A027-36B59917A3EC} = {B1FF18F4-3E04-4755-A8B2-5CF196383C34}
		{4E9A29C6-770F-483A-A117-2D5C99046FEC} = {B1FF18F4-3E04-4755-A8B2-5CF196383C34}
		{BF988F39-30FC-43B9-80D9-D2A9445F1131} = {0212D1AE-A1A0-440F-BB10-0344085BB309}
		{32E9C025-C1CF-4978-AD47-3340B300623B} = {0212D1AE-A1A0-440F-BB10-0344085BB309}
		{8C7AE4E7-C9CE-4D29-8460-53499E720384} = {0212D1AE-A1A0-440F-BB10-0344085BB309}
		{39AADDA6-22A7-4F72-8D8F-E061BAC8919A} = {602E6F00-A901-45D6-A33F-D6A5604FA4BF}
		{86BDE7E0-2BB3-4360-9566-F73482B43DC5} = {A471903A-78F8-4C29-8862-193B69303800}
		{B486A8CB-3402-4F6F-AC22-8789B7B156C6} = {602E6F00-A901-45D6-A33F-D6A5604FA4BF}
		{FA8CD5FA-23F7-4205-8AA5-81A1D3B3756F} = {602E6F00-A901-45D6-A33F-D6A5604FA4BF}
		{948F492B-299C-4673-8735-38723375E1BA} = {602E6F00-A901-45D6-A33F-D6A5604FA4BF}
	EndGlobalSection
	GlobalSection(ExtensibilityGlobals) = postSolution
		SolutionGuid = {2B40ABE3-BCCF-4AC2-82C6-032CC7412DFD}
	EndGlobalSection
EndGlobal
