
Microsoft Visual Studio Solution File, Format Version 12.00
# Visual Studio Version 17
VisualStudioVersion = 17.4.33122.133
MinimumVisualStudioVersion = 10.0.40219.1
Project("{2150E333-8FDC-42A3-9474-1A3956D46DE8}") = "task1", "task1", "{B1FF18F4-3E04-4755-A8B2-5CF196383C34}"
EndProject
Project("{FAE04EC0-301F-11D3-BF4B-00C04F79EFBC}") = "ConnectionLocalDB", "ConnectionLocalDB\ConnectionLocalDB.csproj", "{3A5AF6EE-628F-48E0-80A4-F3F163386D21}"
EndProject
Project("{FAE04EC0-301F-11D3-BF4B-00C04F79EFBC}") = "task1_2", "..\Task1\task1_2\task1_2.csproj", "{E27FAF4F-621B-42AE-B037-D3D4758C2053}"
EndProject
Project("{FAE04EC0-301F-11D3-BF4B-00C04F79EFBC}") = "task1_3", "..\Task1\task1_3\task1_3.csproj", "{C519A86A-5F9F-4C8B-AFE0-642D5A7FC4FB}"
EndProject
Project("{FAE04EC0-301F-11D3-BF4B-00C04F79EFBC}") = "task1_4", "..\Task1\task1_4\task1_4.csproj", "{ABB58499-8083-49B7-A027-36B59917A3EC}"
EndProject
Project("{FAE04EC0-301F-11D3-BF4B-00C04F79EFBC}") = "task1_5", "..\Task1\task1_5\task1_5.csproj", "{4E9A29C6-770F-483A-A117-2D5C99046FEC}"
EndProject
Project("{2150E333-8FDC-42A3-9474-1A3956D46DE8}") = "task2", "task2", "{0212D1AE-A1A0-440F-BB10-0344085BB309}"
EndProject
Project("{FAE04EC0-301F-11D3-BF4B-00C04F79EFBC}") = "task2_1", "..\Task2\task2_1\task2_1.csproj", "{BF988F39-30FC-43B9-80D9-D2A9445F1131}"
EndProject
Project("{FAE04EC0-301F-11D3-BF4B-00C04F79EFBC}") = "task2_2", "..\Task2\task2_2\task2_2.csproj", "{32E9C025-C1CF-4978-AD47-3340B300623B}"
EndProject
Project("{FAE04EC0-301F-11D3-BF4B-00C04F79EFBC}") = "task2_3", "..\Task2\task2_3\task2_3.csproj", "{8C7AE4E7-C9CE-4D29-8460-53499E720384}"
EndProject
Project("{2150E333-8FDC-42A3-9474-1A3956D46DE8}") = "task7", "task7", "{33FD17EC-049D-4D1C-BCC2-1217B4C09D38}"
EndProject
Project("{FAE04EC0-301F-11D3-BF4B-00C04F79EFBC}") = "task7_1", "..\task7\task7_1\task7_1.csproj", "{7A56F670-059B-4FB8-9577-48DE6D13809A}"
EndProject
Project("{FAE04EC0-301F-11D3-BF4B-00C04F79EFBC}") = "task7_2", "..\task7\task7_2\task7_2.csproj", "{EF6F98E5-9B1D-4BCA-B0D5-D0378CFA6B9F}"
EndProject
Project("{FAE04EC0-301F-11D3-BF4B-00C04F79EFBC}") = "task7_3", "..\task7\task7_3\task7_3.csproj", "{F4516876-162E-4203-B381-5093505BB6FA}"
EndProject
Project("{2150E333-8FDC-42A3-9474-1A3956D46DE8}") = "task9", "task9", "{50111E6B-CBD9-4B8B-99AD-599B9B765367}"
EndProject
Project("{FAE04EC0-301F-11D3-BF4B-00C04F79EFBC}") = "task9_1", "..\task9\task9_1\task9_1.csproj", "{36481B39-1BA9-4B47-AC7E-64465D459C23}"
EndProject
Project("{FAE04EC0-301F-11D3-BF4B-00C04F79EFBC}") = "CodeFirst", "..\task9\CodeFirst\CodeFirst.csproj", "{B07F298E-DA38-43F9-BF11-3EAAA4910BF9}"
EndProject
Project("{2150E333-8FDC-42A3-9474-1A3956D46DE8}") = "DATA", "DATA", "{356FFAD0-2591-4ADB-8E78-93968E1803D2}"
	ProjectSection(SolutionItems) = preProject
		C:\Users\sergey\NORTHWND.MDF = C:\Users\sergey\NORTHWND.MDF
		C:\Users\sergey\NORTHWND_log.ldf = C:\Users\sergey\NORTHWND_log.ldf
	EndProjectSection
EndProject
Project("{2150E333-8FDC-42A3-9474-1A3956D46DE8}") = "task-Testify", "task-Testify", "{2C69EA5E-36A4-49B6-89B6-8F1EDB139DEB}"
EndProject
Project("{FAE04EC0-301F-11D3-BF4B-00C04F79EFBC}") = "TestifyTAsk", "..\TestifyTAsk\TestifyTAsk.csproj", "{021A08F8-9182-40F0-8215-9666A9FE4174}"
EndProject
Global
	GlobalSection(SolutionConfigurationPlatforms) = preSolution
		Debug|Any CPU = Debug|Any CPU
		Release|Any CPU = Release|Any CPU
	EndGlobalSection
	GlobalSection(ProjectConfigurationPlatforms) = postSolution
		{3A5AF6EE-628F-48E0-80A4-F3F163386D21}.Debug|Any CPU.ActiveCfg = Debug|Any CPU
		{3A5AF6EE-628F-48E0-80A4-F3F163386D21}.Debug|Any CPU.Build.0 = Debug|Any CPU
		{3A5AF6EE-628F-48E0-80A4-F3F163386D21}.Release|Any CPU.ActiveCfg = Release|Any CPU
		{3A5AF6EE-628F-48E0-80A4-F3F163386D21}.Release|Any CPU.Build.0 = Release|Any CPU
		{E27FAF4F-621B-42AE-B037-D3D4758C2053}.Debug|Any CPU.ActiveCfg = Debug|Any CPU
		{E27FAF4F-621B-42AE-B037-D3D4758C2053}.Debug|Any CPU.Build.0 = Debug|Any CPU
		{E27FAF4F-621B-42AE-B037-D3D4758C2053}.Release|Any CPU.ActiveCfg = Release|Any CPU
		{E27FAF4F-621B-42AE-B037-D3D4758C2053}.Release|Any CPU.Build.0 = Release|Any CPU
		{C519A86A-5F9F-4C8B-AFE0-642D5A7FC4FB}.Debug|Any CPU.ActiveCfg = Debug|Any CPU
		{C519A86A-5F9F-4C8B-AFE0-642D5A7FC4FB}.Debug|Any CPU.Build.0 = Debug|Any CPU
		{C519A86A-5F9F-4C8B-AFE0-642D5A7FC4FB}.Release|Any CPU.ActiveCfg = Release|Any CPU
		{C519A86A-5F9F-4C8B-AFE0-642D5A7FC4FB}.Release|Any CPU.Build.0 = Release|Any CPU
		{ABB58499-8083-49B7-A027-36B59917A3EC}.Debug|Any CPU.ActiveCfg = Debug|Any CPU
		{ABB58499-8083-49B7-A027-36B59917A3EC}.Debug|Any CPU.Build.0 = Debug|Any CPU
		{ABB58499-8083-49B7-A027-36B59917A3EC}.Release|Any CPU.ActiveCfg = Release|Any CPU
		{ABB58499-8083-49B7-A027-36B59917A3EC}.Release|Any CPU.Build.0 = Release|Any CPU
		{4E9A29C6-770F-483A-A117-2D5C99046FEC}.Debug|Any CPU.ActiveCfg = Debug|Any CPU
		{4E9A29C6-770F-483A-A117-2D5C99046FEC}.Debug|Any CPU.Build.0 = Debug|Any CPU
		{4E9A29C6-770F-483A-A117-2D5C99046FEC}.Release|Any CPU.ActiveCfg = Release|Any CPU
		{4E9A29C6-770F-483A-A117-2D5C99046FEC}.Release|Any CPU.Build.0 = Release|Any CPU
		{BF988F39-30FC-43B9-80D9-D2A9445F1131}.Debug|Any CPU.ActiveCfg = Debug|Any CPU
		{BF988F39-30FC-43B9-80D9-D2A9445F1131}.Debug|Any CPU.Build.0 = Debug|Any CPU
		{BF988F39-30FC-43B9-80D9-D2A9445F1131}.Release|Any CPU.ActiveCfg = Release|Any CPU
		{BF988F39-30FC-43B9-80D9-D2A9445F1131}.Release|Any CPU.Build.0 = Release|Any CPU
		{32E9C025-C1CF-4978-AD47-3340B300623B}.Debug|Any CPU.ActiveCfg = Debug|Any CPU
		{32E9C025-C1CF-4978-AD47-3340B300623B}.Debug|Any CPU.Build.0 = Debug|Any CPU
		{32E9C025-C1CF-4978-AD47-3340B300623B}.Release|Any CPU.ActiveCfg = Release|Any CPU
		{32E9C025-C1CF-4978-AD47-3340B300623B}.Release|Any CPU.Build.0 = Release|Any CPU
		{8C7AE4E7-C9CE-4D29-8460-53499E720384}.Debug|Any CPU.ActiveCfg = Debug|Any CPU
		{8C7AE4E7-C9CE-4D29-8460-53499E720384}.Debug|Any CPU.Build.0 = Debug|Any CPU
		{8C7AE4E7-C9CE-4D29-8460-53499E720384}.Release|Any CPU.ActiveCfg = Release|Any CPU
		{8C7AE4E7-C9CE-4D29-8460-53499E720384}.Release|Any CPU.Build.0 = Release|Any CPU
		{7A56F670-059B-4FB8-9577-48DE6D13809A}.Debug|Any CPU.ActiveCfg = Debug|Any CPU
		{7A56F670-059B-4FB8-9577-48DE6D13809A}.Debug|Any CPU.Build.0 = Debug|Any CPU
		{7A56F670-059B-4FB8-9577-48DE6D13809A}.Release|Any CPU.ActiveCfg = Release|Any CPU
		{7A56F670-059B-4FB8-9577-48DE6D13809A}.Release|Any CPU.Build.0 = Release|Any CPU
		{EF6F98E5-9B1D-4BCA-B0D5-D0378CFA6B9F}.Debug|Any CPU.ActiveCfg = Debug|Any CPU
		{EF6F98E5-9B1D-4BCA-B0D5-D0378CFA6B9F}.Debug|Any CPU.Build.0 = Debug|Any CPU
		{EF6F98E5-9B1D-4BCA-B0D5-D0378CFA6B9F}.Release|Any CPU.ActiveCfg = Release|Any CPU
		{EF6F98E5-9B1D-4BCA-B0D5-D0378CFA6B9F}.Release|Any CPU.Build.0 = Release|Any CPU
		{F4516876-162E-4203-B381-5093505BB6FA}.Debug|Any CPU.ActiveCfg = Debug|Any CPU
		{F4516876-162E-4203-B381-5093505BB6FA}.Debug|Any CPU.Build.0 = Debug|Any CPU
		{F4516876-162E-4203-B381-5093505BB6FA}.Release|Any CPU.ActiveCfg = Release|Any CPU
		{F4516876-162E-4203-B381-5093505BB6FA}.Release|Any CPU.Build.0 = Release|Any CPU
		{36481B39-1BA9-4B47-AC7E-64465D459C23}.Debug|Any CPU.ActiveCfg = Debug|Any CPU
		{36481B39-1BA9-4B47-AC7E-64465D459C23}.Debug|Any CPU.Build.0 = Debug|Any CPU
		{36481B39-1BA9-4B47-AC7E-64465D459C23}.Release|Any CPU.ActiveCfg = Release|Any CPU
		{36481B39-1BA9-4B47-AC7E-64465D459C23}.Release|Any CPU.Build.0 = Release|Any CPU
		{B07F298E-DA38-43F9-BF11-3EAAA4910BF9}.Debug|Any CPU.ActiveCfg = Debug|Any CPU
		{B07F298E-DA38-43F9-BF11-3EAAA4910BF9}.Debug|Any CPU.Build.0 = Debug|Any CPU
		{B07F298E-DA38-43F9-BF11-3EAAA4910BF9}.Release|Any CPU.ActiveCfg = Release|Any CPU
		{B07F298E-DA38-43F9-BF11-3EAAA4910BF9}.Release|Any CPU.Build.0 = Release|Any CPU
		{021A08F8-9182-40F0-8215-9666A9FE4174}.Debug|Any CPU.ActiveCfg = Debug|Any CPU
		{021A08F8-9182-40F0-8215-9666A9FE4174}.Debug|Any CPU.Build.0 = Debug|Any CPU
		{021A08F8-9182-40F0-8215-9666A9FE4174}.Release|Any CPU.ActiveCfg = Release|Any CPU
		{021A08F8-9182-40F0-8215-9666A9FE4174}.Release|Any CPU.Build.0 = Release|Any CPU
	EndGlobalSection
	GlobalSection(SolutionProperties) = preSolution
		HideSolutionNode = FALSE
	EndGlobalSection
	GlobalSection(NestedProjects) = preSolution
		{E27FAF4F-621B-42AE-B037-D3D4758C2053} = {B1FF18F4-3E04-4755-A8B2-5CF196383C34}
		{C519A86A-5F9F-4C8B-AFE0-642D5A7FC4FB} = {B1FF18F4-3E04-4755-A8B2-5CF196383C34}
		{ABB58499-8083-49B7-A027-36B59917A3EC} = {B1FF18F4-3E04-4755-A8B2-5CF196383C34}
		{4E9A29C6-770F-483A-A117-2D5C99046FEC} = {B1FF18F4-3E04-4755-A8B2-5CF196383C34}
		{BF988F39-30FC-43B9-80D9-D2A9445F1131} = {0212D1AE-A1A0-440F-BB10-0344085BB309}
		{32E9C025-C1CF-4978-AD47-3340B300623B} = {0212D1AE-A1A0-440F-BB10-0344085BB309}
		{8C7AE4E7-C9CE-4D29-8460-53499E720384} = {0212D1AE-A1A0-440F-BB10-0344085BB309}
		{7A56F670-059B-4FB8-9577-48DE6D13809A} = {33FD17EC-049D-4D1C-BCC2-1217B4C09D38}
		{EF6F98E5-9B1D-4BCA-B0D5-D0378CFA6B9F} = {33FD17EC-049D-4D1C-BCC2-1217B4C09D38}
		{F4516876-162E-4203-B381-5093505BB6FA} = {33FD17EC-049D-4D1C-BCC2-1217B4C09D38}
		{36481B39-1BA9-4B47-AC7E-64465D459C23} = {50111E6B-CBD9-4B8B-99AD-599B9B765367}
		{B07F298E-DA38-43F9-BF11-3EAAA4910BF9} = {50111E6B-CBD9-4B8B-99AD-599B9B765367}
		{021A08F8-9182-40F0-8215-9666A9FE4174} = {2C69EA5E-36A4-49B6-89B6-8F1EDB139DEB}
	EndGlobalSection
	GlobalSection(ExtensibilityGlobals) = postSolution
		SolutionGuid = {2B40ABE3-BCCF-4AC2-82C6-032CC7412DFD}
	EndGlobalSection
EndGlobal
