
Microsoft Visual Studio Solution File, Format Version 12.00
# Visual Studio Version 16
VisualStudioVersion = 16.0.33214.272
MinimumVisualStudioVersion = 10.0.40219.1
Project("{2150E333-8FDC-42A3-9474-1A3956D46DE8}") = "task4", "task4", "{602E6F00-A901-45D6-A33F-D6A5604FA4BF}"
EndProject
Project("{FAE04EC0-301F-11D3-BF4B-00C04F79EFBC}") = "task4_1", "Task4\task4_1\task4_1.csproj", "{39AADDA6-22A7-4F72-8D8F-E061BAC8919A}"
EndProject
Project("{2150E333-8FDC-42A3-9474-1A3956D46DE8}") = "task3", "task3", "{A471903A-78F8-4C29-8862-193B69303800}"
EndProject
Project("{FAE04EC0-301F-11D3-BF4B-00C04F79EFBC}") = "task3_1", "Task3\task3_1\task3_1.csproj", "{86BDE7E0-2BB3-4360-9566-F73482B43DC5}"
EndProject
Project("{FAE04EC0-301F-11D3-BF4B-00C04F79EFBC}") = "task4_2", "Task4\task4_2\task4_2.csproj", "{B486A8CB-3402-4F6F-AC22-8789B7B156C6}"
EndProject
Project("{FAE04EC0-301F-11D3-BF4B-00C04F79EFBC}") = "task4_3", "Task4\task4_3\task4_3.csproj", "{FA8CD5FA-23F7-4205-8AA5-81A1D3B3756F}"
EndProject
Project("{FAE04EC0-301F-11D3-BF4B-00C04F79EFBC}") = "task4_4", "Task4\task4_4\task4_4.csproj", "{948F492B-299C-4673-8735-38723375E1BA}"
EndProject
Project("{FAE04EC0-301F-11D3-BF4B-00C04F79EFBC}") = "task4_5", "Task4\task4_5\task4_5\task4_5.csproj", "{F5B64764-2A8A-45B9-869C-49BE0BF3D286}"
EndProject
Project("{FAE04EC0-301F-11D3-BF4B-00C04F79EFBC}") = "task4_6", "Task4\task4_6\task4_6\task4_6.csproj", "{23D45E58-BFBC-4577-85D5-66C9E9FB6211}"
EndProject
Project("{FAE04EC0-301F-11D3-BF4B-00C04F79EFBC}") = "WindowsFormsApp1", "WindowsFormsApp1\WindowsFormsApp1.csproj", "{4EC6AFA2-8612-47E6-9B34-A0BDF040A700}"
EndProject
Project("{2150E333-8FDC-42A3-9474-1A3956D46DE8}") = "testTask", "testTask", "{48FD7291-EF55-4A14-AE2D-D692E923357F}"
EndProject
Project("{FAE04EC0-301F-11D3-BF4B-00C04F79EFBC}") = "ADO.TestTask", "..\ADO.TestTask\ADO.TestTask.csproj", "{A69D2E0A-FCC8-4B14-B4D0-041423295805}"
EndProject
Global
	GlobalSection(SolutionConfigurationPlatforms) = preSolution
		Debug|Any CPU = Debug|Any CPU
		Release|Any CPU = Release|Any CPU
	EndGlobalSection
	GlobalSection(ProjectConfigurationPlatforms) = postSolution
		{39AADDA6-22A7-4F72-8D8F-E061BAC8919A}.Debug|Any CPU.ActiveCfg = Debug|Any CPU
		{39AADDA6-22A7-4F72-8D8F-E061BAC8919A}.Debug|Any CPU.Build.0 = Debug|Any CPU
		{39AADDA6-22A7-4F72-8D8F-E061BAC8919A}.Release|Any CPU.ActiveCfg = Release|Any CPU
		{39AADDA6-22A7-4F72-8D8F-E061BAC8919A}.Release|Any CPU.Build.0 = Release|Any CPU
		{86BDE7E0-2BB3-4360-9566-F73482B43DC5}.Debug|Any CPU.ActiveCfg = Debug|Any CPU
		{86BDE7E0-2BB3-4360-9566-F73482B43DC5}.Debug|Any CPU.Build.0 = Debug|Any CPU
		{86BDE7E0-2BB3-4360-9566-F73482B43DC5}.Release|Any CPU.ActiveCfg = Release|Any CPU
		{86BDE7E0-2BB3-4360-9566-F73482B43DC5}.Release|Any CPU.Build.0 = Release|Any CPU
		{B486A8CB-3402-4F6F-AC22-8789B7B156C6}.Debug|Any CPU.ActiveCfg = Debug|Any CPU
		{B486A8CB-3402-4F6F-AC22-8789B7B156C6}.Debug|Any CPU.Build.0 = Debug|Any CPU
		{B486A8CB-3402-4F6F-AC22-8789B7B156C6}.Release|Any CPU.ActiveCfg = Release|Any CPU
		{B486A8CB-3402-4F6F-AC22-8789B7B156C6}.Release|Any CPU.Build.0 = Release|Any CPU
		{FA8CD5FA-23F7-4205-8AA5-81A1D3B3756F}.Debug|Any CPU.ActiveCfg = Debug|Any CPU
		{FA8CD5FA-23F7-4205-8AA5-81A1D3B3756F}.Debug|Any CPU.Build.0 = Debug|Any CPU
		{FA8CD5FA-23F7-4205-8AA5-81A1D3B3756F}.Release|Any CPU.ActiveCfg = Release|Any CPU
		{FA8CD5FA-23F7-4205-8AA5-81A1D3B3756F}.Release|Any CPU.Build.0 = Release|Any CPU
		{948F492B-299C-4673-8735-38723375E1BA}.Debug|Any CPU.ActiveCfg = Debug|Any CPU
		{948F492B-299C-4673-8735-38723375E1BA}.Debug|Any CPU.Build.0 = Debug|Any CPU
		{948F492B-299C-4673-8735-38723375E1BA}.Release|Any CPU.ActiveCfg = Release|Any CPU
		{948F492B-299C-4673-8735-38723375E1BA}.Release|Any CPU.Build.0 = Release|Any CPU
		{F5B64764-2A8A-45B9-869C-49BE0BF3D286}.Debug|Any CPU.ActiveCfg = Debug|Any CPU
		{F5B64764-2A8A-45B9-869C-49BE0BF3D286}.Debug|Any CPU.Build.0 = Debug|Any CPU
		{F5B64764-2A8A-45B9-869C-49BE0BF3D286}.Release|Any CPU.ActiveCfg = Release|Any CPU
		{F5B64764-2A8A-45B9-869C-49BE0BF3D286}.Release|Any CPU.Build.0 = Release|Any CPU
		{23D45E58-BFBC-4577-85D5-66C9E9FB6211}.Debug|Any CPU.ActiveCfg = Debug|Any CPU
		{23D45E58-BFBC-4577-85D5-66C9E9FB6211}.Debug|Any CPU.Build.0 = Debug|Any CPU
		{23D45E58-BFBC-4577-85D5-66C9E9FB6211}.Release|Any CPU.ActiveCfg = Release|Any CPU
		{23D45E58-BFBC-4577-85D5-66C9E9FB6211}.Release|Any CPU.Build.0 = Release|Any CPU
		{4EC6AFA2-8612-47E6-9B34-A0BDF040A700}.Debug|Any CPU.ActiveCfg = Debug|Any CPU
		{4EC6AFA2-8612-47E6-9B34-A0BDF040A700}.Debug|Any CPU.Build.0 = Debug|Any CPU
		{4EC6AFA2-8612-47E6-9B34-A0BDF040A700}.Release|Any CPU.ActiveCfg = Release|Any CPU
		{4EC6AFA2-8612-47E6-9B34-A0BDF040A700}.Release|Any CPU.Build.0 = Release|Any CPU
		{A69D2E0A-FCC8-4B14-B4D0-041423295805}.Debug|Any CPU.ActiveCfg = Debug|Any CPU
		{A69D2E0A-FCC8-4B14-B4D0-041423295805}.Debug|Any CPU.Build.0 = Debug|Any CPU
		{A69D2E0A-FCC8-4B14-B4D0-041423295805}.Release|Any CPU.ActiveCfg = Release|Any CPU
		{A69D2E0A-FCC8-4B14-B4D0-041423295805}.Release|Any CPU.Build.0 = Release|Any CPU
	EndGlobalSection
	GlobalSection(SolutionProperties) = preSolution
		HideSolutionNode = FALSE
	EndGlobalSection
	GlobalSection(NestedProjects) = preSolution
		{39AADDA6-22A7-4F72-8D8F-E061BAC8919A} = {602E6F00-A901-45D6-A33F-D6A5604FA4BF}
		{86BDE7E0-2BB3-4360-9566-F73482B43DC5} = {A471903A-78F8-4C29-8862-193B69303800}
		{B486A8CB-3402-4F6F-AC22-8789B7B156C6} = {602E6F00-A901-45D6-A33F-D6A5604FA4BF}
		{FA8CD5FA-23F7-4205-8AA5-81A1D3B3756F} = {602E6F00-A901-45D6-A33F-D6A5604FA4BF}
		{948F492B-299C-4673-8735-38723375E1BA} = {602E6F00-A901-45D6-A33F-D6A5604FA4BF}
		{F5B64764-2A8A-45B9-869C-49BE0BF3D286} = {602E6F00-A901-45D6-A33F-D6A5604FA4BF}
		{23D45E58-BFBC-4577-85D5-66C9E9FB6211} = {602E6F00-A901-45D6-A33F-D6A5604FA4BF}
		{A69D2E0A-FCC8-4B14-B4D0-041423295805} = {48FD7291-EF55-4A14-AE2D-D692E923357F}
	EndGlobalSection
	GlobalSection(ExtensibilityGlobals) = postSolution
		SolutionGuid = {2B40ABE3-BCCF-4AC2-82C6-032CC7412DFD}
	EndGlobalSection
EndGlobal
